PODS:
  - SDWebImage (5.11.1):
    - SDWebImage/Core (= 5.11.1)
  - SDWebImage/Core (5.11.1)
  - xDefine (1.0.4)
  - xExtension (1.1.1):
    - xDefine
  - xKit (1.0.6):
    - xDefine
    - xExtension
  - xWebImage (1.0.2):
    - SDWebImage
    - xExtension
    - xKit

DEPENDENCIES:
  - xWebImage (from `../`)

SPEC REPOS:
  https://github.com/kaibuleite/xSpecs.git:
    - xDefine
    - xExtension
    - xKit
  https://mirrors.tuna.tsinghua.edu.cn/git/CocoaPods/Specs.git:
    - SDWebImage

EXTERNAL SOURCES:
  xWebImage:
    :path: "../"

SPEC CHECKSUMS:
  SDWebImage: a7f831e1a65eb5e285e3fb046a23fcfbf08e696d
  xDefine: ca6c6eef825544db8b43409e66dbff05eca7ac58
  xExtension: 70d1f6b92b268f1e36236f8be26ed86c72628a0b
  xKit: 60f95439ecf0de4fa575b51801274be297f5bdb2
  xWebImage: 39cadaf0641e2a440b4949b197c9a9d7af5f4c4a

PODFILE CHECKSUM: 580688c56d0057bc1084709385b477c4b51a0a82

COCOAPODS: 1.9.1
