PODS:
  - SDWebImage (5.12.5):
    - SDWebImage/Core (= 5.12.5)
  - SDWebImage/Core (5.12.5)
  - xDefine (1.0.4)
  - xExtension (1.1.2):
    - xDefine
  - xKit (1.1.3):
    - xDefine
    - xExtension
  - xWebImage (1.0.4):
    - SDWebImage
    - xExtension
    - xKit

DEPENDENCIES:
  - xWebImage (from `../`)

SPEC REPOS:
  https://github.com/kaibuleite/xSpecs.git:
    - xDefine
    - xExtension
    - xKit
  https://mirrors.tuna.tsinghua.edu.cn/git/CocoaPods/Specs.git:
    - SDWebImage

EXTERNAL SOURCES:
  xWebImage:
    :path: "../"

SPEC CHECKSUMS:
  SDWebImage: 0905f1b7760fc8ac4198cae0036600d67478751e
  xDefine: ca6c6eef825544db8b43409e66dbff05eca7ac58
  xExtension: c0850b5b3c3103c3e57a5be8acdd402daaf02c16
  xKit: 9a36ad3ba289fa86bfb9999db7c2d6db49ef3b06
  xWebImage: 554e9809928700284c44c7660dd23de6abd4c96e

PODFILE CHECKSUM: 580688c56d0057bc1084709385b477c4b51a0a82

COCOAPODS: 1.9.1
