PODS:
  - SDWebImage (5.19.2):
    - SDWebImage/Core (= 5.19.2)
  - SDWebImage/Core (5.19.2)
  - xDefine (1.0.7)
  - xExtension (1.1.8):
    - xDefine
  - xKit (1.2.10):
    - xDefine
    - xExtension
  - xWebImage (1.0.7):
    - SDWebImage
    - xExtension
    - xKit

DEPENDENCIES:
  - xWebImage (from `../`)

SPEC REPOS:
  https://github.com/kaibuleite/xSpecs.git:
    - xDefine
    - xExtension
    - xKit
  https://mirrors.tuna.tsinghua.edu.cn/git/CocoaPods/Specs.git:
    - SDWebImage

EXTERNAL SOURCES:
  xWebImage:
    :path: "../"

SPEC CHECKSUMS:
  SDWebImage: dfe95b2466a9823cf9f0c6d01217c06550d7b29a
  xDefine: e9216a8c29a4a5abce78630e311449182c79a7f3
  xExtension: 410b32f4a0377e4962082c7d1315b4b77454f7aa
  xKit: 8584f4ce6508e6defd0f853c73316b2ba2328e63
  xWebImage: d90a2571d0b3798b9090418cd2506d067b74c3bd

PODFILE CHECKSUM: a454453b75893e573c3102019a6180f440471037

COCOAPODS: 1.15.2
